
Microsoft Visual Studio Solution File, Format Version 12.00
# Visual Studio Version 16
VisualStudioVersion = 16.0.31205.134
MinimumVisualStudioVersion = 10.0.40219.1
Project("{9A19103F-16F7-4668-BE54-9A1E7A4F7556}") = "UI", "UI\UI.csproj", "{E971FBA2-AA16-4FD8-8838-921B544EA89B}"
EndProject
Project("{2150E333-8FDC-42A3-9474-1A3956D46DE8}") = "Data", "Data", "{77367FC4-0412-4125-AE18-B47B60D2A834}"
EndProject
Project("{9A19103F-16F7-4668-BE54-9A1E7A4F7556}") = "Repository", "Repository\Repository.csproj", "{EBA25814-6ED0-472A-B6EC-5690D69D92E2}"
EndProject
Project("{9A19103F-16F7-4668-BE54-9A1E7A4F7556}") = "Entity", "Entity\Entity.csproj", "{02E42AB2-6F6B-4C12-A7F4-950D90673970}"
EndProject
Project("{2150E333-8FDC-42A3-9474-1A3956D46DE8}") = "Resource", "Resource", "{77646ED3-3523-43E0-BF4D-F0CF91511CEF}"
EndProject
Project("{FAE04EC0-301F-11D3-BF4B-00C04F79EFBC}") = "Resources", "Resources\Resources.csproj", "{758E82AE-806F-48EC-ADC5-9E0FD9F728D9}"
EndProject
Project("{FAE04EC0-301F-11D3-BF4B-00C04F79EFBC}") = "Common", "Common\Common.csproj", "{D6B05B3B-E83B-4900-8DE9-ADD86C155BAA}"
EndProject
Project("{2150E333-8FDC-42A3-9474-1A3956D46DE8}") = "Api", "Api", "{A587F698-BF67-4088-8754-FF8B357E34F8}"
EndProject
Project("{FAE04EC0-301F-11D3-BF4B-00C04F79EFBC}") = "WebApi", "WebApi\WebApi.csproj", "{9AE7EEDD-AA76-4656-9526-830F54DBAE0A}"
EndProject
Project("{FAE04EC0-301F-11D3-BF4B-00C04F79EFBC}") = "Services", "Services\Services.csproj", "{BA5EBAE9-F5C0-4CCF-9FA8-B8B29D134F5C}"
EndProject
Global
	GlobalSection(SolutionConfigurationPlatforms) = preSolution
		Debug|Any CPU = Debug|Any CPU
		Release|Any CPU = Release|Any CPU
	EndGlobalSection
	GlobalSection(ProjectConfigurationPlatforms) = postSolution
		{E971FBA2-AA16-4FD8-8838-921B544EA89B}.Debug|Any CPU.ActiveCfg = Debug|Any CPU
		{E971FBA2-AA16-4FD8-8838-921B544EA89B}.Debug|Any CPU.Build.0 = Debug|Any CPU
		{E971FBA2-AA16-4FD8-8838-921B544EA89B}.Release|Any CPU.ActiveCfg = Release|Any CPU
		{E971FBA2-AA16-4FD8-8838-921B544EA89B}.Release|Any CPU.Build.0 = Release|Any CPU
		{EBA25814-6ED0-472A-B6EC-5690D69D92E2}.Debug|Any CPU.ActiveCfg = Debug|Any CPU
		{EBA25814-6ED0-472A-B6EC-5690D69D92E2}.Debug|Any CPU.Build.0 = Debug|Any CPU
		{EBA25814-6ED0-472A-B6EC-5690D69D92E2}.Release|Any CPU.ActiveCfg = Release|Any CPU
		{EBA25814-6ED0-472A-B6EC-5690D69D92E2}.Release|Any CPU.Build.0 = Release|Any CPU
		{02E42AB2-6F6B-4C12-A7F4-950D90673970}.Debug|Any CPU.ActiveCfg = Debug|Any CPU
		{02E42AB2-6F6B-4C12-A7F4-950D90673970}.Debug|Any CPU.Build.0 = Debug|Any CPU
		{02E42AB2-6F6B-4C12-A7F4-950D90673970}.Release|Any CPU.ActiveCfg = Release|Any CPU
		{02E42AB2-6F6B-4C12-A7F4-950D90673970}.Release|Any CPU.Build.0 = Release|Any CPU
		{758E82AE-806F-48EC-ADC5-9E0FD9F728D9}.Debug|Any CPU.ActiveCfg = Debug|Any CPU
		{758E82AE-806F-48EC-ADC5-9E0FD9F728D9}.Debug|Any CPU.Build.0 = Debug|Any CPU
		{758E82AE-806F-48EC-ADC5-9E0FD9F728D9}.Release|Any CPU.ActiveCfg = Release|Any CPU
		{758E82AE-806F-48EC-ADC5-9E0FD9F728D9}.Release|Any CPU.Build.0 = Release|Any CPU
		{D6B05B3B-E83B-4900-8DE9-ADD86C155BAA}.Debug|Any CPU.ActiveCfg = Debug|Any CPU
		{D6B05B3B-E83B-4900-8DE9-ADD86C155BAA}.Debug|Any CPU.Build.0 = Debug|Any CPU
		{D6B05B3B-E83B-4900-8DE9-ADD86C155BAA}.Release|Any CPU.ActiveCfg = Release|Any CPU
		{D6B05B3B-E83B-4900-8DE9-ADD86C155BAA}.Release|Any CPU.Build.0 = Release|Any CPU
		{9AE7EEDD-AA76-4656-9526-830F54DBAE0A}.Debug|Any CPU.ActiveCfg = Debug|Any CPU
		{9AE7EEDD-AA76-4656-9526-830F54DBAE0A}.Debug|Any CPU.Build.0 = Debug|Any CPU
		{9AE7EEDD-AA76-4656-9526-830F54DBAE0A}.Release|Any CPU.ActiveCfg = Release|Any CPU
		{9AE7EEDD-AA76-4656-9526-830F54DBAE0A}.Release|Any CPU.Build.0 = Release|Any CPU
		{BA5EBAE9-F5C0-4CCF-9FA8-B8B29D134F5C}.Debug|Any CPU.ActiveCfg = Debug|Any CPU
		{BA5EBAE9-F5C0-4CCF-9FA8-B8B29D134F5C}.Debug|Any CPU.Build.0 = Debug|Any CPU
		{BA5EBAE9-F5C0-4CCF-9FA8-B8B29D134F5C}.Release|Any CPU.ActiveCfg = Release|Any CPU
		{BA5EBAE9-F5C0-4CCF-9FA8-B8B29D134F5C}.Release|Any CPU.Build.0 = Release|Any CPU
	EndGlobalSection
	GlobalSection(SolutionProperties) = preSolution
		HideSolutionNode = FALSE
	EndGlobalSection
	GlobalSection(NestedProjects) = preSolution
		{EBA25814-6ED0-472A-B6EC-5690D69D92E2} = {77367FC4-0412-4125-AE18-B47B60D2A834}
		{02E42AB2-6F6B-4C12-A7F4-950D90673970} = {77367FC4-0412-4125-AE18-B47B60D2A834}
		{758E82AE-806F-48EC-ADC5-9E0FD9F728D9} = {77646ED3-3523-43E0-BF4D-F0CF91511CEF}
		{9AE7EEDD-AA76-4656-9526-830F54DBAE0A} = {A587F698-BF67-4088-8754-FF8B357E34F8}
		{BA5EBAE9-F5C0-4CCF-9FA8-B8B29D134F5C} = {77367FC4-0412-4125-AE18-B47B60D2A834}
	EndGlobalSection
	GlobalSection(ExtensibilityGlobals) = postSolution
		SolutionGuid = {5A16E544-82F4-4AF8-8BFA-A58B44D0E00F}
	EndGlobalSection
EndGlobal
